# THIS IS AN AUTOGENERATED FILE. DO NOT EDIT THIS FILE DIRECTLY.
# yarn lockfile v1


"@types/component-emitter@^1.2.10":
  version "1.2.10"
  resolved "https://registry.yarnpkg.com/@types/component-emitter/-/component-emitter-1.2.10.tgz#ef5b1589b9f16544642e473db5ea5639107ef3ea"
  integrity sha512-bsjleuRKWmGqajMerkzox19aGbscQX5rmmvvXl3wlIp5gMG1HgkiwPxsN5p070fBDKTNSPgojVbuY1+HWMbFhg==

"@types/socket.io-client@^1.4.36":
  version "1.4.36"
  resolved "https://registry.yarnpkg.com/@types/socket.io-client/-/socket.io-client-1.4.36.tgz#e4f1ca065f84c20939e9850e70222202bd76ff3f"
  integrity sha512-ZJWjtFBeBy1kRSYpVbeGYTElf6BqPQUkXDlHHD4k/42byCN5Rh027f4yARHCink9sKAkbtGZXEAmR0ZCnc2/Ag==

backo2@~1.0.2:
  version "1.0.2"
  resolved "https://registry.yarnpkg.com/backo2/-/backo2-1.0.2.tgz#31ab1ac8b129363463e35b3ebb69f4dfcfba7947"
  integrity sha1-MasayLEpNjRj41s+u2n038+6eUc=

base64-arraybuffer@0.1.4:
  version "0.1.4"
  resolved "https://registry.yarnpkg.com/base64-arraybuffer/-/base64-arraybuffer-0.1.4.tgz#9818c79e059b1355f97e0428a017c838e90ba812"
  integrity sha1-mBjHngWbE1X5fgQooBfIOOkLqBI=

component-emitter@~1.3.0:
  version "1.3.0"
  resolved "https://registry.yarnpkg.com/component-emitter/-/component-emitter-1.3.0.tgz#16e4070fba8ae29b679f2215853ee181ab2eabc0"
  integrity sha512-Rd3se6QB+sO1TwqZjscQrurpEPIfO0/yYnSin6Q/rD3mOutHvUrCAhJub3r90uNb+SESBuE0QYoB90YdfatsRg==

debug@~4.3.1:
  version "4.3.1"
  resolved "https://registry.yarnpkg.com/debug/-/debug-4.3.1.tgz#f0d229c505e0c6d8c49ac553d1b13dc183f6b2ee"
  integrity sha512-doEwdvm4PCeK4K3RQN2ZC2BYUBaxwLARCqZmMjtF8a51J2Rb0xpVloFRnCODwqjpwnAoao4pelN8l3RJdv3gRQ==
  dependencies:
    ms "2.1.2"

engine.io-client@~5.0.0:
  version "5.0.0"
  resolved "https://registry.yarnpkg.com/engine.io-client/-/engine.io-client-5.0.0.tgz#65733887c8999d280e1dd7f241779a2c66e9559e"
  integrity sha512-e6GK0Fqvq45Nu/j7YdIVqXtDPvlsggAcfml3QiEiGdJ1qeh7IQU6knxSN3+yy9BmbnXtIfjo1hK4MFyHKdc9mQ==
  dependencies:
    base64-arraybuffer "0.1.4"
    component-emitter "~1.3.0"
    debug "~4.3.1"
    engine.io-parser "~4.0.1"
    has-cors "1.1.0"
    parseqs "0.0.6"
    parseuri "0.0.6"
    ws "~7.4.2"
    yeast "0.1.2"

engine.io-parser@~4.0.1:
  version "4.0.2"
  resolved "https://registry.yarnpkg.com/engine.io-parser/-/engine.io-parser-4.0.2.tgz#e41d0b3fb66f7bf4a3671d2038a154024edb501e"
  integrity sha512-sHfEQv6nmtJrq6TKuIz5kyEKH/qSdK56H/A+7DnAuUPWosnIZAS2NHNcPLmyjtY3cGS/MqJdZbUjW97JU72iYg==
  dependencies:
    base64-arraybuffer "0.1.4"

has-cors@1.1.0:
  version "1.1.0"
  resolved "https://registry.yarnpkg.com/has-cors/-/has-cors-1.1.0.tgz#5e474793f7ea9843d1bb99c23eef49ff126fff39"
  integrity sha1-XkdHk/fqmEPRu5nCPu9J/xJv/zk=

ms@2.1.2:
  version "2.1.2"
  resolved "https://registry.yarnpkg.com/ms/-/ms-2.1.2.tgz#d09d1f357b443f493382a8eb3ccd183872ae6009"
  integrity sha512-sGkPx+VjMtmA6MX27oA4FBFELFCZZ4S4XqeGOXCv68tT+jb3vk/RyaKWP0PTKyWtmLSM0b+adUTEvbs1PEaH2w==

parseqs@0.0.6:
  version "0.0.6"
  resolved "https://registry.yarnpkg.com/parseqs/-/parseqs-0.0.6.tgz#8e4bb5a19d1cdc844a08ac974d34e273afa670d5"
  integrity sha512-jeAGzMDbfSHHA091hr0r31eYfTig+29g3GKKE/PPbEQ65X0lmMwlEoqmhzu0iztID5uJpZsFlUPDP8ThPL7M8w==

parseuri@0.0.6:
  version "0.0.6"
  resolved "https://registry.yarnpkg.com/parseuri/-/parseuri-0.0.6.tgz#e1496e829e3ac2ff47f39a4dd044b32823c4a25a"
  integrity sha512-AUjen8sAkGgao7UyCX6Ahv0gIK2fABKmYjvP4xmy5JaKvcbTRueIqIPHLAfq30xJddqSE033IOMUSOMCcK3Sow==

socket.io-client@^4.0.0:
  version "4.0.0"
  resolved "https://registry.yarnpkg.com/socket.io-client/-/socket.io-client-4.0.0.tgz#643cc25e5b5bbe37be75ecd317156a3335bb495a"
  integrity sha512-27yQxmXJAEYF19Ygyl8FPJ0if0wegpSmkIIbrWJeI7n7ST1JyH8bbD5v3fjjGY5cfCanACJ3dARUAyiVFNrlTQ==
  dependencies:
    "@types/component-emitter" "^1.2.10"
    backo2 "~1.0.2"
    component-emitter "~1.3.0"
    debug "~4.3.1"
    engine.io-client "~5.0.0"
    parseuri "0.0.6"
    socket.io-parser "~4.0.4"

socket.io-parser@~4.0.4:
  version "4.0.4"
  resolved "https://registry.yarnpkg.com/socket.io-parser/-/socket.io-parser-4.0.4.tgz#9ea21b0d61508d18196ef04a2c6b9ab630f4c2b0"
  integrity sha512-t+b0SS+IxG7Rxzda2EVvyBZbvFPBCjJoyHuE0P//7OAsN23GItzDRdWa6ALxZI/8R5ygK7jAR6t028/z+7295g==
  dependencies:
    "@types/component-emitter" "^1.2.10"
    component-emitter "~1.3.0"
    debug "~4.3.1"

typescript@^4.2.3:
  version "4.2.3"
  resolved "https://registry.yarnpkg.com/typescript/-/typescript-4.2.3.tgz#39062d8019912d43726298f09493d598048c1ce3"
  integrity sha512-qOcYwxaByStAWrBf4x0fibwZvMRG+r4cQoTjbPtUlrWjBHbmCAww1i448U0GJ+3cNNEtebDteo/cHOR3xJ4wEw==

ws@~7.4.2:
  version "7.4.4"
  resolved "https://registry.yarnpkg.com/ws/-/ws-7.4.4.tgz#383bc9742cb202292c9077ceab6f6047b17f2d59"
  integrity sha512-Qm8k8ojNQIMx7S+Zp8u/uHOx7Qazv3Yv4q68MiWWWOJhiwG5W3x7iqmRtJo8xxrciZUY4vRxUTJCKuRnF28ZZw==

xterm-addon-fit@^0.5.0:
  version "0.5.0"
  resolved "https://registry.yarnpkg.com/xterm-addon-fit/-/xterm-addon-fit-0.5.0.tgz#2d51b983b786a97dcd6cde805e700c7f913bc596"
  integrity sha512-DsS9fqhXHacEmsPxBJZvfj2la30Iz9xk+UKjhQgnYNkrUIN5CYLbw7WEfz117c7+S86S/tpHPfvNxJsF5/G8wQ==

xterm@^4.11.0:
  version "4.11.0"
  resolved "https://registry.yarnpkg.com/xterm/-/xterm-4.11.0.tgz#d7dabc7af5299579e4663fedf2b3a179af9aaff9"
  integrity sha512-NeJH909WTO2vth/ZlC0gkP3AGzupbvVHVlmtrpBw56/sGFXaF9bNdKgqKa3tf8qbGvXMzL2JhCcHVklqFztIRw==

yeast@0.1.2:
  version "0.1.2"
  resolved "https://registry.yarnpkg.com/yeast/-/yeast-0.1.2.tgz#008e06d8094320c372dbc2f8ed76a0ca6c8ac419"
  integrity sha1-AI4G2AlDIMNy28L47XagymyKxBk=
